
Microsoft Visual Studio Solution File, Format Version 12.00
# Visual Studio Version 17
VisualStudioVersion = 17.14.36414.22 d17.14
MinimumVisualStudioVersion = 10.0.40219.1
Project("{FAE04EC0-301F-11D3-BF4B-00C04F79EFBC}") = "Personal Budget Tracker", "Personal Budget Tracker.csproj", "{C9C79B3D-5671-4BD9-B70A-F75742181445}"
EndProject
Global
	GlobalSection(SolutionConfigurationPlatforms) = preSolution
		Debug|Any CPU = Debug|Any CPU
		Release|Any CPU = Release|Any CPU
	EndGlobalSection
	GlobalSection(ProjectConfigurationPlatforms) = postSolution
		{C9C79B3D-5671-4BD9-B70A-F75742181445}.Debug|Any CPU.ActiveCfg = Debug|Any CPU
		{C9C79B3D-5671-4BD9-B70A-F75742181445}.Debug|Any CPU.Build.0 = Debug|Any CPU
		{C9C79B3D-5671-4BD9-B70A-F75742181445}.Release|Any CPU.ActiveCfg = Release|Any CPU
		{C9C79B3D-5671-4BD9-B70A-F75742181445}.Release|Any CPU.Build.0 = Release|Any CPU
	EndGlobalSection
	GlobalSection(SolutionProperties) = preSolution
		HideSolutionNode = FALSE
	EndGlobalSection
	GlobalSection(ExtensibilityGlobals) = postSolution
		SolutionGuid = {1038DE34-58E3-4DE0-9B81-FD287BE77434}
	EndGlobalSection
EndGlobal
